// !$*UTF8*$!
{
	archiveVersion = 1;
	classes = {
	};
	objectVersion = 52;
	objects = {

/* Begin PBXBuildFile section */
		586E5A1023CD11B400FA1F84 /* AppDelegate.swift in Sources */ = {isa = PBXBuildFile; fileRef = 586E5A0F23CD11B400FA1F84 /* AppDelegate.swift */; };
		586E5A1223CD11B400FA1F84 /* SceneDelegate.swift in Sources */ = {isa = PBXBuildFile; fileRef = 586E5A1123CD11B400FA1F84 /* SceneDelegate.swift */; };
		586E5A1423CD11B400FA1F84 /* MyHoroscopeViewController.swift in Sources */ = {isa = PBXBuildFile; fileRef = 586E5A1323CD11B400FA1F84 /* MyHoroscopeViewController.swift */; };
		586E5A1723CD11B400FA1F84 /* Main.storyboard in Resources */ = {isa = PBXBuildFile; fileRef = 586E5A1523CD11B400FA1F84 /* Main.storyboard */; };
		586E5A1923CD11B500FA1F84 /* Assets.xcassets in Resources */ = {isa = PBXBuildFile; fileRef = 586E5A1823CD11B500FA1F84 /* Assets.xcassets */; };
		586E5A1C23CD11B500FA1F84 /* LaunchScreen.storyboard in Resources */ = {isa = PBXBuildFile; fileRef = 586E5A1A23CD11B500FA1F84 /* LaunchScreen.storyboard */; };
		586E5A2523CD124200FA1F84 /* NetworkHelper in Frameworks */ = {isa = PBXBuildFile; productRef = 586E5A2423CD124200FA1F84 /* NetworkHelper */; };
		586E5A2A23CD145D00FA1F84 /* HoriscopeAPIClient.swift in Sources */ = {isa = PBXBuildFile; fileRef = 586E5A2923CD145D00FA1F84 /* HoriscopeAPIClient.swift */; };
		586E5A2D23CD15B600FA1F84 /* HoriscopeInfo.swift in Sources */ = {isa = PBXBuildFile; fileRef = 586E5A2C23CD15B600FA1F84 /* HoriscopeInfo.swift */; };
		58B3B12A23CD2E520099471E /* SettingsViewController.swift in Sources */ = {isa = PBXBuildFile; fileRef = 58B3B12923CD2E520099471E /* SettingsViewController.swift */; };
/* End PBXBuildFile section */

/* Begin PBXFileReference section */
		586E5A0C23CD11B400FA1F84 /* Horoscopes.app */ = {isa = PBXFileReference; explicitFileType = wrapper.application; includeInIndex = 0; path = Horoscopes.app; sourceTree = BUILT_PRODUCTS_DIR; };
		586E5A0F23CD11B400FA1F84 /* AppDelegate.swift */ = {isa = PBXFileReference; lastKnownFileType = sourcecode.swift; path = AppDelegate.swift; sourceTree = "<group>"; };
		586E5A1123CD11B400FA1F84 /* SceneDelegate.swift */ = {isa = PBXFileReference; lastKnownFileType = sourcecode.swift; path = SceneDelegate.swift; sourceTree = "<group>"; };
		586E5A1323CD11B400FA1F84 /* MyHoroscopeViewController.swift */ = {isa = PBXFileReference; lastKnownFileType = sourcecode.swift; path = MyHoroscopeViewController.swift; sourceTree = "<group>"; };
		586E5A1623CD11B400FA1F84 /* Base */ = {isa = PBXFileReference; lastKnownFileType = file.storyboard; name = Base; path = Base.lproj/Main.storyboard; sourceTree = "<group>"; };
		586E5A1823CD11B500FA1F84 /* Assets.xcassets */ = {isa = PBXFileReference; lastKnownFileType = folder.assetcatalog; path = Assets.xcassets; sourceTree = "<group>"; };
		586E5A1B23CD11B500FA1F84 /* Base */ = {isa = PBXFileReference; lastKnownFileType = file.storyboard; name = Base; path = Base.lproj/LaunchScreen.storyboard; sourceTree = "<group>"; };
		586E5A1D23CD11B500FA1F84 /* Info.plist */ = {isa = PBXFileReference; lastKnownFileType = text.plist.xml; path = Info.plist; sourceTree = "<group>"; };
		586E5A2923CD145D00FA1F84 /* HoriscopeAPIClient.swift */ = {isa = PBXFileReference; lastKnownFileType = sourcecode.swift; path = HoriscopeAPIClient.swift; sourceTree = "<group>"; };
		586E5A2C23CD15B600FA1F84 /* HoriscopeInfo.swift */ = {isa = PBXFileReference; lastKnownFileType = sourcecode.swift; path = HoriscopeInfo.swift; sourceTree = "<group>"; };
		58B3B12923CD2E520099471E /* SettingsViewController.swift */ = {isa = PBXFileReference; lastKnownFileType = sourcecode.swift; path = SettingsViewController.swift; sourceTree = "<group>"; };
/* End PBXFileReference section */

/* Begin PBXFrameworksBuildPhase section */
		586E5A0923CD11B400FA1F84 /* Frameworks */ = {
			isa = PBXFrameworksBuildPhase;
			buildActionMask = 2147483647;
			files = (
				586E5A2523CD124200FA1F84 /* NetworkHelper in Frameworks */,
			);
			runOnlyForDeploymentPostprocessing = 0;
		};
/* End PBXFrameworksBuildPhase section */

/* Begin PBXGroup section */
		586E5A0323CD11B400FA1F84 = {
			isa = PBXGroup;
			children = (
				586E5A0E23CD11B400FA1F84 /* Horoscopes */,
				586E5A0D23CD11B400FA1F84 /* Products */,
			);
			sourceTree = "<group>";
		};
		586E5A0D23CD11B400FA1F84 /* Products */ = {
			isa = PBXGroup;
			children = (
				586E5A0C23CD11B400FA1F84 /* Horoscopes.app */,
			);
			name = Products;
			sourceTree = "<group>";
		};
		586E5A0E23CD11B400FA1F84 /* Horoscopes */ = {
			isa = PBXGroup;
			children = (
				586E5A2E23CD168100FA1F84 /* Network */,
				586E5A2B23CD15A300FA1F84 /* Models */,
				586E5A2823CD140A00FA1F84 /* View Controllers */,
				586E5A0F23CD11B400FA1F84 /* AppDelegate.swift */,
				586E5A1123CD11B400FA1F84 /* SceneDelegate.swift */,
				586E5A1523CD11B400FA1F84 /* Main.storyboard */,
				586E5A1823CD11B500FA1F84 /* Assets.xcassets */,
				586E5A1A23CD11B500FA1F84 /* LaunchScreen.storyboard */,
				586E5A1D23CD11B500FA1F84 /* Info.plist */,
			);
			path = Horoscopes;
			sourceTree = "<group>";
		};
		586E5A2823CD140A00FA1F84 /* View Controllers */ = {
			isa = PBXGroup;
			children = (
				586E5A1323CD11B400FA1F84 /* MyHoroscopeViewController.swift */,
				58B3B12923CD2E520099471E /* SettingsViewController.swift */,
			);
			path = "View Controllers";
			sourceTree = "<group>";
		};
		586E5A2B23CD15A300FA1F84 /* Models */ = {
			isa = PBXGroup;
			children = (
				586E5A2C23CD15B600FA1F84 /* HoriscopeInfo.swift */,
			);
			path = Models;
			sourceTree = "<group>";
		};
		586E5A2E23CD168100FA1F84 /* Network */ = {
			isa = PBXGroup;
			children = (
				586E5A2923CD145D00FA1F84 /* HoriscopeAPIClient.swift */,
			);
			path = Network;
			sourceTree = "<group>";
		};
/* End PBXGroup section */

/* Begin PBXNativeTarget section */
		586E5A0B23CD11B400FA1F84 /* Horoscopes */ = {
			isa = PBXNativeTarget;
			buildConfigurationList = 586E5A2023CD11B500FA1F84 /* Build configuration list for PBXNativeTarget "Horoscopes" */;
			buildPhases = (
				586E5A0823CD11B400FA1F84 /* Sources */,
				586E5A0923CD11B400FA1F84 /* Frameworks */,
				586E5A0A23CD11B400FA1F84 /* Resources */,
			);
			buildRules = (
			);
			dependencies = (
			);
			name = Horoscopes;
			packageProductDependencies = (
				586E5A2423CD124200FA1F84 /* NetworkHelper */,
			);
			productName = Horoscopes;
			productReference = 586E5A0C23CD11B400FA1F84 /* Horoscopes.app */;
			productType = "com.apple.product-type.application";
		};
/* End PBXNativeTarget section */

/* Begin PBXProject section */
		586E5A0423CD11B400FA1F84 /* Project object */ = {
			isa = PBXProject;
			attributes = {
				LastSwiftUpdateCheck = 1130;
				LastUpgradeCheck = 1130;
				ORGANIZATIONNAME = "Eric Davenport";
				TargetAttributes = {
					586E5A0B23CD11B400FA1F84 = {
						CreatedOnToolsVersion = 11.3;
					};
				};
			};
			buildConfigurationList = 586E5A0723CD11B400FA1F84 /* Build configuration list for PBXProject "Horoscopes" */;
			compatibilityVersion = "Xcode 9.3";
			developmentRegion = en;
			hasScannedForEncodings = 0;
			knownRegions = (
				en,
				Base,
			);
			mainGroup = 586E5A0323CD11B400FA1F84;
			packageReferences = (
				586E5A2323CD124200FA1F84 /* XCRemoteSwiftPackageReference "NetworkHelperSPM" */,
			);
			productRefGroup = 586E5A0D23CD11B400FA1F84 /* Products */;
			projectDirPath = "";
			projectRoot = "";
			targets = (
				586E5A0B23CD11B400FA1F84 /* Horoscopes */,
			);
		};
/* End PBXProject section */

/* Begin PBXResourcesBuildPhase section */
		586E5A0A23CD11B400FA1F84 /* Resources */ = {
			isa = PBXResourcesBuildPhase;
			buildActionMask = 2147483647;
			files = (
				586E5A1C23CD11B500FA1F84 /* LaunchScreen.storyboard in Resources */,
				586E5A1923CD11B500FA1F84 /* Assets.xcassets in Resources */,
				586E5A1723CD11B400FA1F84 /* Main.storyboard in Resources */,
			);
			runOnlyForDeploymentPostprocessing = 0;
		};
/* End PBXResourcesBuildPhase section */

/* Begin PBXSourcesBuildPhase section */
		586E5A0823CD11B400FA1F84 /* Sources */ = {
			isa = PBXSourcesBuildPhase;
			buildActionMask = 2147483647;
			files = (
				586E5A1423CD11B400FA1F84 /* MyHoroscopeViewController.swift in Sources */,
				586E5A1023CD11B400FA1F84 /* AppDelegate.swift in Sources */,
				586E5A2D23CD15B600FA1F84 /* HoriscopeInfo.swift in Sources */,
				586E5A1223CD11B400FA1F84 /* SceneDelegate.swift in Sources */,
				586E5A2A23CD145D00FA1F84 /* HoriscopeAPIClient.swift in Sources */,
				58B3B12A23CD2E520099471E /* SettingsViewController.swift in Sources */,
			);
			runOnlyForDeploymentPostprocessing = 0;
		};
/* End PBXSourcesBuildPhase section */

/* Begin PBXVariantGroup section */
		586E5A1523CD11B400FA1F84 /* Main.storyboard */ = {
			isa = PBXVariantGroup;
			children = (
				586E5A1623CD11B400FA1F84 /* Base */,
			);
			name = Main.storyboard;
			sourceTree = "<group>";
		};
		586E5A1A23CD11B500FA1F84 /* LaunchScreen.storyboard */ = {
			isa = PBXVariantGroup;
			children = (
				586E5A1B23CD11B500FA1F84 /* Base */,
			);
			name = LaunchScreen.storyboard;
			sourceTree = "<group>";
		};
/* End PBXVariantGroup section */

/* Begin XCBuildConfiguration section */
		586E5A1E23CD11B500FA1F84 /* Debug */ = {
			isa = XCBuildConfiguration;
			buildSettings = {
				ALWAYS_SEARCH_USER_PATHS = NO;
				CLANG_ANALYZER_NONNULL = YES;
				CLANG_ANALYZER_NUMBER_OBJECT_CONVERSION = YES_AGGRESSIVE;
				CLANG_CXX_LANGUAGE_STANDARD = "gnu++14";
				CLANG_CXX_LIBRARY = "libc++";
				CLANG_ENABLE_MODULES = YES;
				CLANG_ENABLE_OBJC_ARC = YES;
				CLANG_ENABLE_OBJC_WEAK = YES;
				CLANG_WARN_BLOCK_CAPTURE_AUTORELEASING = YES;
				CLANG_WARN_BOOL_CONVERSION = YES;
				CLANG_WARN_COMMA = YES;
				CLANG_WARN_CONSTANT_CONVERSION = YES;
				CLANG_WARN_DEPRECATED_OBJC_IMPLEMENTATIONS = YES;
				CLANG_WARN_DIRECT_OBJC_ISA_USAGE = YES_ERROR;
				CLANG_WARN_DOCUMENTATION_COMMENTS = YES;
				CLANG_WARN_EMPTY_BODY = YES;
				CLANG_WARN_ENUM_CONVERSION = YES;
				CLANG_WARN_INFINITE_RECURSION = YES;
				CLANG_WARN_INT_CONVERSION = YES;
				CLANG_WARN_NON_LITERAL_NULL_CONVERSION = YES;
				CLANG_WARN_OBJC_IMPLICIT_RETAIN_SELF = YES;
				CLANG_WARN_OBJC_LITERAL_CONVERSION = YES;
				CLANG_WARN_OBJC_ROOT_CLASS = YES_ERROR;
				CLANG_WARN_RANGE_LOOP_ANALYSIS = YES;
				CLANG_WARN_STRICT_PROTOTYPES = YES;
				CLANG_WARN_SUSPICIOUS_MOVE = YES;
				CLANG_WARN_UNGUARDED_AVAILABILITY = YES_AGGRESSIVE;
				CLANG_WARN_UNREACHABLE_CODE = YES;
				CLANG_WARN__DUPLICATE_METHOD_MATCH = YES;
				COPY_PHASE_STRIP = NO;
				DEBUG_INFORMATION_FORMAT = dwarf;
				ENABLE_STRICT_OBJC_MSGSEND = YES;
				ENABLE_TESTABILITY = YES;
				GCC_C_LANGUAGE_STANDARD = gnu11;
				GCC_DYNAMIC_NO_PIC = NO;
				GCC_NO_COMMON_BLOCKS = YES;
				GCC_OPTIMIZATION_LEVEL = 0;
				GCC_PREPROCESSOR_DEFINITIONS = (
					"DEBUG=1",
					"$(inherited)",
				);
				GCC_WARN_64_TO_32_BIT_CONVERSION = YES;
				GCC_WARN_ABOUT_RETURN_TYPE = YES_ERROR;
				GCC_WARN_UNDECLARED_SELECTOR = YES;
				GCC_WARN_UNINITIALIZED_AUTOS = YES_AGGRESSIVE;
				GCC_WARN_UNUSED_FUNCTION = YES;
				GCC_WARN_UNUSED_VARIABLE = YES;
				IPHONEOS_DEPLOYMENT_TARGET = 13.2;
				MTL_ENABLE_DEBUG_INFO = INCLUDE_SOURCE;
				MTL_FAST_MATH = YES;
				ONLY_ACTIVE_ARCH = YES;
				SDKROOT = iphoneos;
				SWIFT_ACTIVE_COMPILATION_CONDITIONS = DEBUG;
				SWIFT_OPTIMIZATION_LEVEL = "-Onone";
			};
			name = Debug;
		};
		586E5A1F23CD11B500FA1F84 /* Release */ = {
			isa = XCBuildConfiguration;
			buildSettings = {
				ALWAYS_SEARCH_USER_PATHS = NO;
				CLANG_ANALYZER_NONNULL = YES;
				CLANG_ANALYZER_NUMBER_OBJECT_CONVERSION = YES_AGGRESSIVE;
				CLANG_CXX_LANGUAGE_STANDARD = "gnu++14";
				CLANG_CXX_LIBRARY = "libc++";
				CLANG_ENABLE_MODULES = YES;
				CLANG_ENABLE_OBJC_ARC = YES;
				CLANG_ENABLE_OBJC_WEAK = YES;
				CLANG_WARN_BLOCK_CAPTURE_AUTORELEASING = YES;
				CLANG_WARN_BOOL_CONVERSION = YES;
				CLANG_WARN_COMMA = YES;
				CLANG_WARN_CONSTANT_CONVERSION = YES;
				CLANG_WARN_DEPRECATED_OBJC_IMPLEMENTATIONS = YES;
				CLANG_WARN_DIRECT_OBJC_ISA_USAGE = YES_ERROR;
				CLANG_WARN_DOCUMENTATION_COMMENTS = YES;
				CLANG_WARN_EMPTY_BODY = YES;
				CLANG_WARN_ENUM_CONVERSION = YES;
				CLANG_WARN_INFINITE_RECURSION = YES;
				CLANG_WARN_INT_CONVERSION = YES;
				CLANG_WARN_NON_LITERAL_NULL_CONVERSION = YES;
				CLANG_WARN_OBJC_IMPLICIT_RETAIN_SELF = YES;
				CLANG_WARN_OBJC_LITERAL_CONVERSION = YES;
				CLANG_WARN_OBJC_ROOT_CLASS = YES_ERROR;
				CLANG_WARN_RANGE_LOOP_ANALYSIS = YES;
				CLANG_WARN_STRICT_PROTOTYPES = YES;
				CLANG_WARN_SUSPICIOUS_MOVE = YES;
				CLANG_WARN_UNGUARDED_AVAILABILITY = YES_AGGRESSIVE;
				CLANG_WARN_UNREACHABLE_CODE = YES;
				CLANG_WARN__DUPLICATE_METHOD_MATCH = YES;
				COPY_PHASE_STRIP = NO;
				DEBUG_INFORMATION_FORMAT = "dwarf-with-dsym";
				ENABLE_NS_ASSERTIONS = NO;
				ENABLE_STRICT_OBJC_MSGSEND = YES;
				GCC_C_LANGUAGE_STANDARD = gnu11;
				GCC_NO_COMMON_BLOCKS = YES;
				GCC_WARN_64_TO_32_BIT_CONVERSION = YES;
				GCC_WARN_ABOUT_RETURN_TYPE = YES_ERROR;
				GCC_WARN_UNDECLARED_SELECTOR = YES;
				GCC_WARN_UNINITIALIZED_AUTOS = YES_AGGRESSIVE;
				GCC_WARN_UNUSED_FUNCTION = YES;
				GCC_WARN_UNUSED_VARIABLE = YES;
				IPHONEOS_DEPLOYMENT_TARGET = 13.2;
				MTL_ENABLE_DEBUG_INFO = NO;
				MTL_FAST_MATH = YES;
				SDKROOT = iphoneos;
				SWIFT_COMPILATION_MODE = wholemodule;
				SWIFT_OPTIMIZATION_LEVEL = "-O";
				VALIDATE_PRODUCT = YES;
			};
			name = Release;
		};
		586E5A2123CD11B500FA1F84 /* Debug */ = {
			isa = XCBuildConfiguration;
			buildSettings = {
				ASSETCATALOG_COMPILER_APPICON_NAME = AppIcon;
				CODE_SIGN_STYLE = Automatic;
				DEVELOPMENT_TEAM = 3YV6C3YLPG;
				INFOPLIST_FILE = Horoscopes/Info.plist;
				LD_RUNPATH_SEARCH_PATHS = (
					"$(inherited)",
					"@executable_path/Frameworks",
				);
				PRODUCT_BUNDLE_IDENTIFIER = org.ericdavenport.Horoscopes;
				PRODUCT_NAME = "$(TARGET_NAME)";
				SWIFT_VERSION = 5.0;
				TARGETED_DEVICE_FAMILY = "1,2";
			};
			name = Debug;
		};
		586E5A2223CD11B500FA1F84 /* Release */ = {
			isa = XCBuildConfiguration;
			buildSettings = {
				ASSETCATALOG_COMPILER_APPICON_NAME = AppIcon;
				CODE_SIGN_STYLE = Automatic;
				DEVELOPMENT_TEAM = 3YV6C3YLPG;
				INFOPLIST_FILE = Horoscopes/Info.plist;
				LD_RUNPATH_SEARCH_PATHS = (
					"$(inherited)",
					"@executable_path/Frameworks",
				);
				PRODUCT_BUNDLE_IDENTIFIER = org.ericdavenport.Horoscopes;
				PRODUCT_NAME = "$(TARGET_NAME)";
				SWIFT_VERSION = 5.0;
				TARGETED_DEVICE_FAMILY = "1,2";
			};
			name = Release;
		};
/* End XCBuildConfiguration section */

/* Begin XCConfigurationList section */
		586E5A0723CD11B400FA1F84 /* Build configuration list for PBXProject "Horoscopes" */ = {
			isa = XCConfigurationList;
			buildConfigurations = (
				586E5A1E23CD11B500FA1F84 /* Debug */,
				586E5A1F23CD11B500FA1F84 /* Release */,
			);
			defaultConfigurationIsVisible = 0;
			defaultConfigurationName = Release;
		};
		586E5A2023CD11B500FA1F84 /* Build configuration list for PBXNativeTarget "Horoscopes" */ = {
			isa = XCConfigurationList;
			buildConfigurations = (
				586E5A2123CD11B500FA1F84 /* Debug */,
				586E5A2223CD11B500FA1F84 /* Release */,
			);
			defaultConfigurationIsVisible = 0;
			defaultConfigurationName = Release;
		};
/* End XCConfigurationList section */

/* Begin XCRemoteSwiftPackageReference section */
		586E5A2323CD124200FA1F84 /* XCRemoteSwiftPackageReference "NetworkHelperSPM" */ = {
			isa = XCRemoteSwiftPackageReference;
			repositoryURL = "https://github.com/alexpaul/NetworkHelperSPM";
			requirement = {
				kind = upToNextMajorVersion;
				minimumVersion = 1.0.6;
			};
		};
/* End XCRemoteSwiftPackageReference section */

/* Begin XCSwiftPackageProductDependency section */
		586E5A2423CD124200FA1F84 /* NetworkHelper */ = {
			isa = XCSwiftPackageProductDependency;
			package = 586E5A2323CD124200FA1F84 /* XCRemoteSwiftPackageReference "NetworkHelperSPM" */;
			productName = NetworkHelper;
		};
/* End XCSwiftPackageProductDependency section */
	};
	rootObject = 586E5A0423CD11B400FA1F84 /* Project object */;
}
